
Microsoft Visual Studio Solution File, Format Version 12.00
# Visual Studio Version 17
VisualStudioVersion = 17.14.35806.103 d17.14
MinimumVisualStudioVersion = 10.0.40219.1
Project("{FAE04EC0-301F-11D3-BF4B-00C04F79EFBC}") = "LINQ-1", "LINQ-1\LINQ-1.csproj", "{C1B3E8AF-6BFD-40BA-84E8-4C741B10668F}"
EndProject
Project("{FAE04EC0-301F-11D3-BF4B-00C04F79EFBC}") = "LINQ-2", "LINQ-2\LINQ-2.csproj", "{283793DD-A1B6-4674-A1E6-C46B43699191}"
EndProject
Project("{FAE04EC0-301F-11D3-BF4B-00C04F79EFBC}") = "LINQ-3", "LINQ-3\LINQ-3.csproj", "{746B516A-19FE-4123-8F20-45801DD2DD64}"
EndProject
Global
	GlobalSection(SolutionConfigurationPlatforms) = preSolution
		Debug|Any CPU = Debug|Any CPU
		Release|Any CPU = Release|Any CPU
	EndGlobalSection
	GlobalSection(ProjectConfigurationPlatforms) = postSolution
		{C1B3E8AF-6BFD-40BA-84E8-4C741B10668F}.Debug|Any CPU.ActiveCfg = Debug|Any CPU
		{C1B3E8AF-6BFD-40BA-84E8-4C741B10668F}.Debug|Any CPU.Build.0 = Debug|Any CPU
		{C1B3E8AF-6BFD-40BA-84E8-4C741B10668F}.Release|Any CPU.ActiveCfg = Release|Any CPU
		{C1B3E8AF-6BFD-40BA-84E8-4C741B10668F}.Release|Any CPU.Build.0 = Release|Any CPU
		{283793DD-A1B6-4674-A1E6-C46B43699191}.Debug|Any CPU.ActiveCfg = Debug|Any CPU
		{283793DD-A1B6-4674-A1E6-C46B43699191}.Debug|Any CPU.Build.0 = Debug|Any CPU
		{283793DD-A1B6-4674-A1E6-C46B43699191}.Release|Any CPU.ActiveCfg = Release|Any CPU
		{283793DD-A1B6-4674-A1E6-C46B43699191}.Release|Any CPU.Build.0 = Release|Any CPU
		{746B516A-19FE-4123-8F20-45801DD2DD64}.Debug|Any CPU.ActiveCfg = Debug|Any CPU
		{746B516A-19FE-4123-8F20-45801DD2DD64}.Debug|Any CPU.Build.0 = Debug|Any CPU
		{746B516A-19FE-4123-8F20-45801DD2DD64}.Release|Any CPU.ActiveCfg = Release|Any CPU
		{746B516A-19FE-4123-8F20-45801DD2DD64}.Release|Any CPU.Build.0 = Release|Any CPU
	EndGlobalSection
	GlobalSection(SolutionProperties) = preSolution
		HideSolutionNode = FALSE
	EndGlobalSection
	GlobalSection(ExtensibilityGlobals) = postSolution
		SolutionGuid = {C89B70C8-E25F-4DDE-A049-9824DFF51784}
	EndGlobalSection
EndGlobal
